PODS:
  - Alamofire (4.8.0)
  - Socket.IO-Client-Swift (13.4.0):
    - Starscream (~> 3.0.2)
  - Starscream (3.0.6)
  - SwiftyJSON (4.2.0)

DEPENDENCIES:
  - Alamofire
  - Socket.IO-Client-Swift
  - SwiftyJSON

SPEC REPOS:
  https://github.com/cocoapods/specs.git:
    - Alamofire
    - Socket.IO-Client-Swift
    - Starscream
    - SwiftyJSON

SPEC CHECKSUMS:
  Alamofire: 3ec537f71edc9804815215393ae2b1a8ea33a844
  Socket.IO-Client-Swift: 2b2720f14c92ff1237ced09bc2f2da2022624fee
  Starscream: ef3ece99d765eeccb67de105bfa143f929026cf5
  SwiftyJSON: c4bcba26dd9ec7a027fc8eade48e2c911f229e96

PODFILE CHECKSUM: 8f5ba7058a9e92264b3fda40e2e949ef5aa99e1f

COCOAPODS: 1.5.3
