// !$*UTF8*$!
{
	archiveVersion = 1;
	classes = {
	};
	objectVersion = 50;
	objects = {

/* Begin PBXBuildFile section */
		3668E599DD1110D5E64CD816 /* Pods_Smack.framework in Frameworks */ = {isa = PBXBuildFile; fileRef = 6BCDCC7D0E4474B2F0F4F830 /* Pods_Smack.framework */; };
		C9575009220DAB0800D0F923 /* addChannelVC.swift in Sources */ = {isa = PBXBuildFile; fileRef = C9575007220DAB0800D0F923 /* addChannelVC.swift */; };
		C957500A220DAB0800D0F923 /* addChannelVC.xib in Resources */ = {isa = PBXBuildFile; fileRef = C9575008220DAB0800D0F923 /* addChannelVC.xib */; };
		C9ED0912220C494B00157FA9 /* MessageService.swift in Sources */ = {isa = PBXBuildFile; fileRef = C9ED0911220C494B00157FA9 /* MessageService.swift */; };
		C9ED0917220C4F6D00157FA9 /* Channel.swift in Sources */ = {isa = PBXBuildFile; fileRef = C9ED0916220C4F6D00157FA9 /* Channel.swift */; };
		C9ED0919220C73A000157FA9 /* channelCell.swift in Sources */ = {isa = PBXBuildFile; fileRef = C9ED0918220C73A000157FA9 /* channelCell.swift */; };
		F11443BB21FE043E00238600 /* AppDelegate.swift in Sources */ = {isa = PBXBuildFile; fileRef = F11443BA21FE043E00238600 /* AppDelegate.swift */; };
		F11443C021FE043E00238600 /* Main.storyboard in Resources */ = {isa = PBXBuildFile; fileRef = F11443BE21FE043E00238600 /* Main.storyboard */; };
		F11443C221FE044300238600 /* Assets.xcassets in Resources */ = {isa = PBXBuildFile; fileRef = F11443C121FE044300238600 /* Assets.xcassets */; };
		F11443C521FE044300238600 /* LaunchScreen.storyboard in Resources */ = {isa = PBXBuildFile; fileRef = F11443C321FE044300238600 /* LaunchScreen.storyboard */; };
		F11443D021FE0BA400238600 /* SWRevealViewController.m in Sources */ = {isa = PBXBuildFile; fileRef = F11443CE21FE0BA400238600 /* SWRevealViewController.m */; };
		F11443D521FE1E4E00238600 /* chatVC.swift in Sources */ = {isa = PBXBuildFile; fileRef = F11443D421FE1E4E00238600 /* chatVC.swift */; };
		F11443D721FE1E6300238600 /* channelVC.swift in Sources */ = {isa = PBXBuildFile; fileRef = F11443D621FE1E6300238600 /* channelVC.swift */; };
		F11443D921FF613600238600 /* gradientLayer.swift in Sources */ = {isa = PBXBuildFile; fileRef = F11443D821FF613600238600 /* gradientLayer.swift */; };
		F11443DD21FF900B00238600 /* Constants.swift in Sources */ = {isa = PBXBuildFile; fileRef = F11443DC21FF900B00238600 /* Constants.swift */; };
		F11443DF21FF97ED00238600 /* loginVC.swift in Sources */ = {isa = PBXBuildFile; fileRef = F11443DE21FF97ED00238600 /* loginVC.swift */; };
		F11443E121FFB7DA00238600 /* signUpVC.swift in Sources */ = {isa = PBXBuildFile; fileRef = F11443E021FFB7DA00238600 /* signUpVC.swift */; };
		F11443E4220216D200238600 /* AuthService.swift in Sources */ = {isa = PBXBuildFile; fileRef = F11443E3220216D200238600 /* AuthService.swift */; };
		F1C2C4762206244300A68FC1 /* cornerImage.swift in Sources */ = {isa = PBXBuildFile; fileRef = F1C2C4752206244300A68FC1 /* cornerImage.swift */; };
		F1C2C4792207463900A68FC1 /* profileViewVC.swift in Sources */ = {isa = PBXBuildFile; fileRef = F1C2C4772207463900A68FC1 /* profileViewVC.swift */; };
		F1C2C47A2207463900A68FC1 /* profileViewVC.xib in Resources */ = {isa = PBXBuildFile; fileRef = F1C2C4782207463900A68FC1 /* profileViewVC.xib */; };
		F1F5C985220253C2003278A7 /* roundedCorner.swift in Sources */ = {isa = PBXBuildFile; fileRef = F1F5C984220253C2003278A7 /* roundedCorner.swift */; };
		F1F5C98722032E70003278A7 /* UserDataService.swift in Sources */ = {isa = PBXBuildFile; fileRef = F1F5C98622032E70003278A7 /* UserDataService.swift */; };
		F1F5C9892205EC80003278A7 /* avatarPickerVC.swift in Sources */ = {isa = PBXBuildFile; fileRef = F1F5C9882205EC80003278A7 /* avatarPickerVC.swift */; };
		F1F5C98B2205F049003278A7 /* avatarPickerCell.swift in Sources */ = {isa = PBXBuildFile; fileRef = F1F5C98A2205F049003278A7 /* avatarPickerCell.swift */; };
/* End PBXBuildFile section */

/* Begin PBXFileReference section */
		3F9A9016FFC400BE5D2CB6A2 /* Pods-Smack.release.xcconfig */ = {isa = PBXFileReference; includeInIndex = 1; lastKnownFileType = text.xcconfig; name = "Pods-Smack.release.xcconfig"; path = "Pods/Target Support Files/Pods-Smack/Pods-Smack.release.xcconfig"; sourceTree = "<group>"; };
		5CC73A6E6B9DD39B4DE16CD5 /* Pods-Smack.debug.xcconfig */ = {isa = PBXFileReference; includeInIndex = 1; lastKnownFileType = text.xcconfig; name = "Pods-Smack.debug.xcconfig"; path = "Pods/Target Support Files/Pods-Smack/Pods-Smack.debug.xcconfig"; sourceTree = "<group>"; };
		6BCDCC7D0E4474B2F0F4F830 /* Pods_Smack.framework */ = {isa = PBXFileReference; explicitFileType = wrapper.framework; includeInIndex = 0; path = Pods_Smack.framework; sourceTree = BUILT_PRODUCTS_DIR; };
		C9575007220DAB0800D0F923 /* addChannelVC.swift */ = {isa = PBXFileReference; lastKnownFileType = sourcecode.swift; path = addChannelVC.swift; sourceTree = "<group>"; };
		C9575008220DAB0800D0F923 /* addChannelVC.xib */ = {isa = PBXFileReference; lastKnownFileType = file.xib; path = addChannelVC.xib; sourceTree = "<group>"; };
		C9ED0911220C494B00157FA9 /* MessageService.swift */ = {isa = PBXFileReference; lastKnownFileType = sourcecode.swift; path = MessageService.swift; sourceTree = "<group>"; };
		C9ED0916220C4F6D00157FA9 /* Channel.swift */ = {isa = PBXFileReference; lastKnownFileType = sourcecode.swift; path = Channel.swift; sourceTree = "<group>"; };
		C9ED0918220C73A000157FA9 /* channelCell.swift */ = {isa = PBXFileReference; lastKnownFileType = sourcecode.swift; path = channelCell.swift; sourceTree = "<group>"; };
		F11443B721FE043E00238600 /* Smack.app */ = {isa = PBXFileReference; explicitFileType = wrapper.application; includeInIndex = 0; path = Smack.app; sourceTree = BUILT_PRODUCTS_DIR; };
		F11443BA21FE043E00238600 /* AppDelegate.swift */ = {isa = PBXFileReference; lastKnownFileType = sourcecode.swift; path = AppDelegate.swift; sourceTree = "<group>"; };
		F11443BF21FE043E00238600 /* Base */ = {isa = PBXFileReference; lastKnownFileType = file.storyboard; name = Base; path = Base.lproj/Main.storyboard; sourceTree = "<group>"; };
		F11443C121FE044300238600 /* Assets.xcassets */ = {isa = PBXFileReference; lastKnownFileType = folder.assetcatalog; path = Assets.xcassets; sourceTree = "<group>"; };
		F11443C421FE044300238600 /* Base */ = {isa = PBXFileReference; lastKnownFileType = file.storyboard; name = Base; path = Base.lproj/LaunchScreen.storyboard; sourceTree = "<group>"; };
		F11443C621FE044300238600 /* Info.plist */ = {isa = PBXFileReference; lastKnownFileType = text.plist.xml; path = Info.plist; sourceTree = "<group>"; };
		F11443CD21FE0BA300238600 /* Smack-Bridging-Header.h */ = {isa = PBXFileReference; lastKnownFileType = sourcecode.c.h; path = "Smack-Bridging-Header.h"; sourceTree = "<group>"; };
		F11443CE21FE0BA400238600 /* SWRevealViewController.m */ = {isa = PBXFileReference; fileEncoding = 4; lastKnownFileType = sourcecode.c.objc; path = SWRevealViewController.m; sourceTree = "<group>"; };
		F11443CF21FE0BA400238600 /* SWRevealViewController.h */ = {isa = PBXFileReference; fileEncoding = 4; lastKnownFileType = sourcecode.c.h; path = SWRevealViewController.h; sourceTree = "<group>"; };
		F11443D421FE1E4E00238600 /* chatVC.swift */ = {isa = PBXFileReference; lastKnownFileType = sourcecode.swift; path = chatVC.swift; sourceTree = "<group>"; };
		F11443D621FE1E6300238600 /* channelVC.swift */ = {isa = PBXFileReference; lastKnownFileType = sourcecode.swift; path = channelVC.swift; sourceTree = "<group>"; };
		F11443D821FF613600238600 /* gradientLayer.swift */ = {isa = PBXFileReference; lastKnownFileType = sourcecode.swift; path = gradientLayer.swift; sourceTree = "<group>"; };
		F11443DC21FF900B00238600 /* Constants.swift */ = {isa = PBXFileReference; lastKnownFileType = sourcecode.swift; path = Constants.swift; sourceTree = "<group>"; };
		F11443DE21FF97ED00238600 /* loginVC.swift */ = {isa = PBXFileReference; lastKnownFileType = sourcecode.swift; path = loginVC.swift; sourceTree = "<group>"; };
		F11443E021FFB7DA00238600 /* signUpVC.swift */ = {isa = PBXFileReference; lastKnownFileType = sourcecode.swift; path = signUpVC.swift; sourceTree = "<group>"; };
		F11443E3220216D200238600 /* AuthService.swift */ = {isa = PBXFileReference; lastKnownFileType = sourcecode.swift; path = AuthService.swift; sourceTree = "<group>"; };
		F1C2C4752206244300A68FC1 /* cornerImage.swift */ = {isa = PBXFileReference; lastKnownFileType = sourcecode.swift; path = cornerImage.swift; sourceTree = "<group>"; };
		F1C2C4772207463900A68FC1 /* profileViewVC.swift */ = {isa = PBXFileReference; lastKnownFileType = sourcecode.swift; path = profileViewVC.swift; sourceTree = "<group>"; };
		F1C2C4782207463900A68FC1 /* profileViewVC.xib */ = {isa = PBXFileReference; lastKnownFileType = file.xib; path = profileViewVC.xib; sourceTree = "<group>"; };
		F1F5C984220253C2003278A7 /* roundedCorner.swift */ = {isa = PBXFileReference; lastKnownFileType = sourcecode.swift; path = roundedCorner.swift; sourceTree = "<group>"; };
		F1F5C98622032E70003278A7 /* UserDataService.swift */ = {isa = PBXFileReference; lastKnownFileType = sourcecode.swift; path = UserDataService.swift; sourceTree = "<group>"; };
		F1F5C9882205EC80003278A7 /* avatarPickerVC.swift */ = {isa = PBXFileReference; lastKnownFileType = sourcecode.swift; path = avatarPickerVC.swift; sourceTree = "<group>"; };
		F1F5C98A2205F049003278A7 /* avatarPickerCell.swift */ = {isa = PBXFileReference; lastKnownFileType = sourcecode.swift; path = avatarPickerCell.swift; sourceTree = "<group>"; };
/* End PBXFileReference section */

/* Begin PBXFrameworksBuildPhase section */
		F11443B421FE043E00238600 /* Frameworks */ = {
			isa = PBXFrameworksBuildPhase;
			buildActionMask = 2147483647;
			files = (
				3668E599DD1110D5E64CD816 /* Pods_Smack.framework in Frameworks */,
			);
			runOnlyForDeploymentPostprocessing = 0;
		};
/* End PBXFrameworksBuildPhase section */

/* Begin PBXGroup section */
		845D22B40FF3D91B59D6FB79 /* Frameworks */ = {
			isa = PBXGroup;
			children = (
				6BCDCC7D0E4474B2F0F4F830 /* Pods_Smack.framework */,
			);
			name = Frameworks;
			sourceTree = "<group>";
		};
		C9ED0915220C4F4B00157FA9 /* Model */ = {
			isa = PBXGroup;
			children = (
				C9ED0916220C4F6D00157FA9 /* Channel.swift */,
			);
			path = Model;
			sourceTree = "<group>";
		};
		E6D08D796B261938A3D7B40F /* Pods */ = {
			isa = PBXGroup;
			children = (
				5CC73A6E6B9DD39B4DE16CD5 /* Pods-Smack.debug.xcconfig */,
				3F9A9016FFC400BE5D2CB6A2 /* Pods-Smack.release.xcconfig */,
			);
			name = Pods;
			sourceTree = "<group>";
		};
		F11443AE21FE043E00238600 = {
			isa = PBXGroup;
			children = (
				F11443B921FE043E00238600 /* Smack */,
				F11443B821FE043E00238600 /* Products */,
				E6D08D796B261938A3D7B40F /* Pods */,
				845D22B40FF3D91B59D6FB79 /* Frameworks */,
			);
			sourceTree = "<group>";
		};
		F11443B821FE043E00238600 /* Products */ = {
			isa = PBXGroup;
			children = (
				F11443B721FE043E00238600 /* Smack.app */,
			);
			name = Products;
			sourceTree = "<group>";
		};
		F11443B921FE043E00238600 /* Smack */ = {
			isa = PBXGroup;
			children = (
				F11443E22202169700238600 /* Services */,
				F11443DB21FF8FE600238600 /* Utilities */,
				F11443CC21FE0B7800238600 /* Supporting Files */,
				C9ED0915220C4F4B00157FA9 /* Model */,
				F11443D221FE1E2200238600 /* View */,
				F11443D121FE1E0E00238600 /* Controller */,
				F11443BA21FE043E00238600 /* AppDelegate.swift */,
				F11443BE21FE043E00238600 /* Main.storyboard */,
				F11443C121FE044300238600 /* Assets.xcassets */,
				F11443C321FE044300238600 /* LaunchScreen.storyboard */,
				F11443C621FE044300238600 /* Info.plist */,
			);
			path = Smack;
			sourceTree = "<group>";
		};
		F11443CC21FE0B7800238600 /* Supporting Files */ = {
			isa = PBXGroup;
			children = (
				F11443CF21FE0BA400238600 /* SWRevealViewController.h */,
				F11443CE21FE0BA400238600 /* SWRevealViewController.m */,
				F11443CD21FE0BA300238600 /* Smack-Bridging-Header.h */,
			);
			path = "Supporting Files";
			sourceTree = "<group>";
		};
		F11443D121FE1E0E00238600 /* Controller */ = {
			isa = PBXGroup;
			children = (
				F11443D421FE1E4E00238600 /* chatVC.swift */,
				F11443D621FE1E6300238600 /* channelVC.swift */,
				F11443DE21FF97ED00238600 /* loginVC.swift */,
				F11443E021FFB7DA00238600 /* signUpVC.swift */,
				F1F5C9882205EC80003278A7 /* avatarPickerVC.swift */,
				F1C2C4772207463900A68FC1 /* profileViewVC.swift */,
				F1C2C4782207463900A68FC1 /* profileViewVC.xib */,
				C9575007220DAB0800D0F923 /* addChannelVC.swift */,
				C9575008220DAB0800D0F923 /* addChannelVC.xib */,
			);
			path = Controller;
			sourceTree = "<group>";
		};
		F11443D221FE1E2200238600 /* View */ = {
			isa = PBXGroup;
			children = (
				F11443D821FF613600238600 /* gradientLayer.swift */,
				F1F5C984220253C2003278A7 /* roundedCorner.swift */,
				F1F5C98A2205F049003278A7 /* avatarPickerCell.swift */,
				F1C2C4752206244300A68FC1 /* cornerImage.swift */,
				C9ED0918220C73A000157FA9 /* channelCell.swift */,
			);
			path = View;
			sourceTree = "<group>";
		};
		F11443DB21FF8FE600238600 /* Utilities */ = {
			isa = PBXGroup;
			children = (
				F11443DC21FF900B00238600 /* Constants.swift */,
			);
			path = Utilities;
			sourceTree = "<group>";
		};
		F11443E22202169700238600 /* Services */ = {
			isa = PBXGroup;
			children = (
				F11443E3220216D200238600 /* AuthService.swift */,
				F1F5C98622032E70003278A7 /* UserDataService.swift */,
				C9ED0911220C494B00157FA9 /* MessageService.swift */,
			);
			path = Services;
			sourceTree = "<group>";
		};
/* End PBXGroup section */

/* Begin PBXNativeTarget section */
		F11443B621FE043E00238600 /* Smack */ = {
			isa = PBXNativeTarget;
			buildConfigurationList = F11443C921FE044300238600 /* Build configuration list for PBXNativeTarget "Smack" */;
			buildPhases = (
				6B1A835E039B13DE52220457 /* [CP] Check Pods Manifest.lock */,
				F11443B321FE043E00238600 /* Sources */,
				F11443B421FE043E00238600 /* Frameworks */,
				F11443B521FE043E00238600 /* Resources */,
				EC5EAED3F5045E9E896F5FD1 /* [CP] Embed Pods Frameworks */,
			);
			buildRules = (
			);
			dependencies = (
			);
			name = Smack;
			productName = Smack;
			productReference = F11443B721FE043E00238600 /* Smack.app */;
			productType = "com.apple.product-type.application";
		};
/* End PBXNativeTarget section */

/* Begin PBXProject section */
		F11443AF21FE043E00238600 /* Project object */ = {
			isa = PBXProject;
			attributes = {
				LastSwiftUpdateCheck = 1000;
				LastUpgradeCheck = 1000;
				ORGANIZATIONNAME = "Zeyad Taher";
				TargetAttributes = {
					F11443B621FE043E00238600 = {
						CreatedOnToolsVersion = 10.0;
						LastSwiftMigration = 1000;
					};
				};
			};
			buildConfigurationList = F11443B221FE043E00238600 /* Build configuration list for PBXProject "Smack" */;
			compatibilityVersion = "Xcode 9.3";
			developmentRegion = en;
			hasScannedForEncodings = 0;
			knownRegions = (
				en,
				Base,
			);
			mainGroup = F11443AE21FE043E00238600;
			productRefGroup = F11443B821FE043E00238600 /* Products */;
			projectDirPath = "";
			projectRoot = "";
			targets = (
				F11443B621FE043E00238600 /* Smack */,
			);
		};
/* End PBXProject section */

/* Begin PBXResourcesBuildPhase section */
		F11443B521FE043E00238600 /* Resources */ = {
			isa = PBXResourcesBuildPhase;
			buildActionMask = 2147483647;
			files = (
				C957500A220DAB0800D0F923 /* addChannelVC.xib in Resources */,
				F11443C521FE044300238600 /* LaunchScreen.storyboard in Resources */,
				F11443C221FE044300238600 /* Assets.xcassets in Resources */,
				F11443C021FE043E00238600 /* Main.storyboard in Resources */,
				F1C2C47A2207463900A68FC1 /* profileViewVC.xib in Resources */,
			);
			runOnlyForDeploymentPostprocessing = 0;
		};
/* End PBXResourcesBuildPhase section */

/* Begin PBXShellScriptBuildPhase section */
		6B1A835E039B13DE52220457 /* [CP] Check Pods Manifest.lock */ = {
			isa = PBXShellScriptBuildPhase;
			buildActionMask = 2147483647;
			files = (
			);
			inputFileListPaths = (
			);
			inputPaths = (
				"${PODS_PODFILE_DIR_PATH}/Podfile.lock",
				"${PODS_ROOT}/Manifest.lock",
			);
			name = "[CP] Check Pods Manifest.lock";
			outputFileListPaths = (
			);
			outputPaths = (
				"$(DERIVED_FILE_DIR)/Pods-Smack-checkManifestLockResult.txt",
			);
			runOnlyForDeploymentPostprocessing = 0;
			shellPath = /bin/sh;
			shellScript = "diff \"${PODS_PODFILE_DIR_PATH}/Podfile.lock\" \"${PODS_ROOT}/Manifest.lock\" > /dev/null\nif [ $? != 0 ] ; then\n    # print error to STDERR\n    echo \"error: The sandbox is not in sync with the Podfile.lock. Run 'pod install' or update your CocoaPods installation.\" >&2\n    exit 1\nfi\n# This output is used by Xcode 'outputs' to avoid re-running this script phase.\necho \"SUCCESS\" > \"${SCRIPT_OUTPUT_FILE_0}\"\n";
			showEnvVarsInLog = 0;
		};
		EC5EAED3F5045E9E896F5FD1 /* [CP] Embed Pods Frameworks */ = {
			isa = PBXShellScriptBuildPhase;
			buildActionMask = 2147483647;
			files = (
			);
			inputFileListPaths = (
			);
			inputPaths = (
				"${SRCROOT}/Pods/Target Support Files/Pods-Smack/Pods-Smack-frameworks.sh",
				"${BUILT_PRODUCTS_DIR}/Alamofire/Alamofire.framework",
				"${BUILT_PRODUCTS_DIR}/Socket.IO-Client-Swift/SocketIO.framework",
				"${BUILT_PRODUCTS_DIR}/Starscream/Starscream.framework",
				"${BUILT_PRODUCTS_DIR}/SwiftyJSON/SwiftyJSON.framework",
			);
			name = "[CP] Embed Pods Frameworks";
			outputFileListPaths = (
			);
			outputPaths = (
				"${TARGET_BUILD_DIR}/${FRAMEWORKS_FOLDER_PATH}/Alamofire.framework",
				"${TARGET_BUILD_DIR}/${FRAMEWORKS_FOLDER_PATH}/SocketIO.framework",
				"${TARGET_BUILD_DIR}/${FRAMEWORKS_FOLDER_PATH}/Starscream.framework",
				"${TARGET_BUILD_DIR}/${FRAMEWORKS_FOLDER_PATH}/SwiftyJSON.framework",
			);
			runOnlyForDeploymentPostprocessing = 0;
			shellPath = /bin/sh;
			shellScript = "\"${SRCROOT}/Pods/Target Support Files/Pods-Smack/Pods-Smack-frameworks.sh\"\n";
			showEnvVarsInLog = 0;
		};
/* End PBXShellScriptBuildPhase section */

/* Begin PBXSourcesBuildPhase section */
		F11443B321FE043E00238600 /* Sources */ = {
			isa = PBXSourcesBuildPhase;
			buildActionMask = 2147483647;
			files = (
				F11443E121FFB7DA00238600 /* signUpVC.swift in Sources */,
				F1F5C9892205EC80003278A7 /* avatarPickerVC.swift in Sources */,
				F11443D721FE1E6300238600 /* channelVC.swift in Sources */,
				F11443BB21FE043E00238600 /* AppDelegate.swift in Sources */,
				C9ED0917220C4F6D00157FA9 /* Channel.swift in Sources */,
				F1F5C98722032E70003278A7 /* UserDataService.swift in Sources */,
				C9ED0912220C494B00157FA9 /* MessageService.swift in Sources */,
				F11443E4220216D200238600 /* AuthService.swift in Sources */,
				F11443D921FF613600238600 /* gradientLayer.swift in Sources */,
				F11443DF21FF97ED00238600 /* loginVC.swift in Sources */,
				F11443D521FE1E4E00238600 /* chatVC.swift in Sources */,
				C9575009220DAB0800D0F923 /* addChannelVC.swift in Sources */,
				F1F5C98B2205F049003278A7 /* avatarPickerCell.swift in Sources */,
				F1C2C4762206244300A68FC1 /* cornerImage.swift in Sources */,
				F11443D021FE0BA400238600 /* SWRevealViewController.m in Sources */,
				F1F5C985220253C2003278A7 /* roundedCorner.swift in Sources */,
				F1C2C4792207463900A68FC1 /* profileViewVC.swift in Sources */,
				F11443DD21FF900B00238600 /* Constants.swift in Sources */,
				C9ED0919220C73A000157FA9 /* channelCell.swift in Sources */,
			);
			runOnlyForDeploymentPostprocessing = 0;
		};
/* End PBXSourcesBuildPhase section */

/* Begin PBXVariantGroup section */
		F11443BE21FE043E00238600 /* Main.storyboard */ = {
			isa = PBXVariantGroup;
			children = (
				F11443BF21FE043E00238600 /* Base */,
			);
			name = Main.storyboard;
			sourceTree = "<group>";
		};
		F11443C321FE044300238600 /* LaunchScreen.storyboard */ = {
			isa = PBXVariantGroup;
			children = (
				F11443C421FE044300238600 /* Base */,
			);
			name = LaunchScreen.storyboard;
			sourceTree = "<group>";
		};
/* End PBXVariantGroup section */

/* Begin XCBuildConfiguration section */
		F11443C721FE044300238600 /* Debug */ = {
			isa = XCBuildConfiguration;
			buildSettings = {
				ALWAYS_SEARCH_USER_PATHS = NO;
				CLANG_ANALYZER_NONNULL = YES;
				CLANG_ANALYZER_NUMBER_OBJECT_CONVERSION = YES_AGGRESSIVE;
				CLANG_CXX_LANGUAGE_STANDARD = "gnu++14";
				CLANG_CXX_LIBRARY = "libc++";
				CLANG_ENABLE_MODULES = YES;
				CLANG_ENABLE_OBJC_ARC = YES;
				CLANG_ENABLE_OBJC_WEAK = YES;
				CLANG_WARN_BLOCK_CAPTURE_AUTORELEASING = YES;
				CLANG_WARN_BOOL_CONVERSION = YES;
				CLANG_WARN_COMMA = YES;
				CLANG_WARN_CONSTANT_CONVERSION = YES;
				CLANG_WARN_DEPRECATED_OBJC_IMPLEMENTATIONS = YES;
				CLANG_WARN_DIRECT_OBJC_ISA_USAGE = YES_ERROR;
				CLANG_WARN_DOCUMENTATION_COMMENTS = YES;
				CLANG_WARN_EMPTY_BODY = YES;
				CLANG_WARN_ENUM_CONVERSION = YES;
				CLANG_WARN_INFINITE_RECURSION = YES;
				CLANG_WARN_INT_CONVERSION = YES;
				CLANG_WARN_NON_LITERAL_NULL_CONVERSION = YES;
				CLANG_WARN_OBJC_IMPLICIT_RETAIN_SELF = YES;
				CLANG_WARN_OBJC_LITERAL_CONVERSION = YES;
				CLANG_WARN_OBJC_ROOT_CLASS = YES_ERROR;
				CLANG_WARN_RANGE_LOOP_ANALYSIS = YES;
				CLANG_WARN_STRICT_PROTOTYPES = YES;
				CLANG_WARN_SUSPICIOUS_MOVE = YES;
				CLANG_WARN_UNGUARDED_AVAILABILITY = YES_AGGRESSIVE;
				CLANG_WARN_UNREACHABLE_CODE = YES;
				CLANG_WARN__DUPLICATE_METHOD_MATCH = YES;
				CODE_SIGN_IDENTITY = "iPhone Developer";
				COPY_PHASE_STRIP = NO;
				DEBUG_INFORMATION_FORMAT = dwarf;
				ENABLE_STRICT_OBJC_MSGSEND = YES;
				ENABLE_TESTABILITY = YES;
				GCC_C_LANGUAGE_STANDARD = gnu11;
				GCC_DYNAMIC_NO_PIC = NO;
				GCC_NO_COMMON_BLOCKS = YES;
				GCC_OPTIMIZATION_LEVEL = 0;
				GCC_PREPROCESSOR_DEFINITIONS = (
					"DEBUG=1",
					"$(inherited)",
				);
				GCC_WARN_64_TO_32_BIT_CONVERSION = YES;
				GCC_WARN_ABOUT_RETURN_TYPE = YES_ERROR;
				GCC_WARN_UNDECLARED_SELECTOR = YES;
				GCC_WARN_UNINITIALIZED_AUTOS = YES_AGGRESSIVE;
				GCC_WARN_UNUSED_FUNCTION = YES;
				GCC_WARN_UNUSED_VARIABLE = YES;
				IPHONEOS_DEPLOYMENT_TARGET = 12.0;
				MTL_ENABLE_DEBUG_INFO = INCLUDE_SOURCE;
				MTL_FAST_MATH = YES;
				ONLY_ACTIVE_ARCH = YES;
				SDKROOT = iphoneos;
				SWIFT_ACTIVE_COMPILATION_CONDITIONS = DEBUG;
				SWIFT_OPTIMIZATION_LEVEL = "-Onone";
			};
			name = Debug;
		};
		F11443C821FE044300238600 /* Release */ = {
			isa = XCBuildConfiguration;
			buildSettings = {
				ALWAYS_SEARCH_USER_PATHS = NO;
				CLANG_ANALYZER_NONNULL = YES;
				CLANG_ANALYZER_NUMBER_OBJECT_CONVERSION = YES_AGGRESSIVE;
				CLANG_CXX_LANGUAGE_STANDARD = "gnu++14";
				CLANG_CXX_LIBRARY = "libc++";
				CLANG_ENABLE_MODULES = YES;
				CLANG_ENABLE_OBJC_ARC = YES;
				CLANG_ENABLE_OBJC_WEAK = YES;
				CLANG_WARN_BLOCK_CAPTURE_AUTORELEASING = YES;
				CLANG_WARN_BOOL_CONVERSION = YES;
				CLANG_WARN_COMMA = YES;
				CLANG_WARN_CONSTANT_CONVERSION = YES;
				CLANG_WARN_DEPRECATED_OBJC_IMPLEMENTATIONS = YES;
				CLANG_WARN_DIRECT_OBJC_ISA_USAGE = YES_ERROR;
				CLANG_WARN_DOCUMENTATION_COMMENTS = YES;
				CLANG_WARN_EMPTY_BODY = YES;
				CLANG_WARN_ENUM_CONVERSION = YES;
				CLANG_WARN_INFINITE_RECURSION = YES;
				CLANG_WARN_INT_CONVERSION = YES;
				CLANG_WARN_NON_LITERAL_NULL_CONVERSION = YES;
				CLANG_WARN_OBJC_IMPLICIT_RETAIN_SELF = YES;
				CLANG_WARN_OBJC_LITERAL_CONVERSION = YES;
				CLANG_WARN_OBJC_ROOT_CLASS = YES_ERROR;
				CLANG_WARN_RANGE_LOOP_ANALYSIS = YES;
				CLANG_WARN_STRICT_PROTOTYPES = YES;
				CLANG_WARN_SUSPICIOUS_MOVE = YES;
				CLANG_WARN_UNGUARDED_AVAILABILITY = YES_AGGRESSIVE;
				CLANG_WARN_UNREACHABLE_CODE = YES;
				CLANG_WARN__DUPLICATE_METHOD_MATCH = YES;
				CODE_SIGN_IDENTITY = "iPhone Developer";
				COPY_PHASE_STRIP = NO;
				DEBUG_INFORMATION_FORMAT = "dwarf-with-dsym";
				ENABLE_NS_ASSERTIONS = NO;
				ENABLE_STRICT_OBJC_MSGSEND = YES;
				GCC_C_LANGUAGE_STANDARD = gnu11;
				GCC_NO_COMMON_BLOCKS = YES;
				GCC_WARN_64_TO_32_BIT_CONVERSION = YES;
				GCC_WARN_ABOUT_RETURN_TYPE = YES_ERROR;
				GCC_WARN_UNDECLARED_SELECTOR = YES;
				GCC_WARN_UNINITIALIZED_AUTOS = YES_AGGRESSIVE;
				GCC_WARN_UNUSED_FUNCTION = YES;
				GCC_WARN_UNUSED_VARIABLE = YES;
				IPHONEOS_DEPLOYMENT_TARGET = 12.0;
				MTL_ENABLE_DEBUG_INFO = NO;
				MTL_FAST_MATH = YES;
				SDKROOT = iphoneos;
				SWIFT_COMPILATION_MODE = wholemodule;
				SWIFT_OPTIMIZATION_LEVEL = "-O";
				VALIDATE_PRODUCT = YES;
			};
			name = Release;
		};
		F11443CA21FE044300238600 /* Debug */ = {
			isa = XCBuildConfiguration;
			baseConfigurationReference = 5CC73A6E6B9DD39B4DE16CD5 /* Pods-Smack.debug.xcconfig */;
			buildSettings = {
				ASSETCATALOG_COMPILER_APPICON_NAME = AppIcon;
				CLANG_ENABLE_MODULES = YES;
				CODE_SIGN_STYLE = Automatic;
				DEVELOPMENT_TEAM = 5ZLVWU5ZH5;
				INFOPLIST_FILE = Smack/Info.plist;
				IPHONEOS_DEPLOYMENT_TARGET = 11.0;
				LD_RUNPATH_SEARCH_PATHS = (
					"$(inherited)",
					"@executable_path/Frameworks",
				);
				PRODUCT_BUNDLE_IDENTIFIER = com.zeyadtaher.Smack.Smack;
				PRODUCT_NAME = "$(TARGET_NAME)";
				SWIFT_OBJC_BRIDGING_HEADER = "Smack/Supporting Files/Smack-Bridging-Header.h";
				SWIFT_OPTIMIZATION_LEVEL = "-Onone";
				SWIFT_VERSION = 4.2;
				TARGETED_DEVICE_FAMILY = "1,2";
			};
			name = Debug;
		};
		F11443CB21FE044300238600 /* Release */ = {
			isa = XCBuildConfiguration;
			baseConfigurationReference = 3F9A9016FFC400BE5D2CB6A2 /* Pods-Smack.release.xcconfig */;
			buildSettings = {
				ASSETCATALOG_COMPILER_APPICON_NAME = AppIcon;
				CLANG_ENABLE_MODULES = YES;
				CODE_SIGN_STYLE = Automatic;
				DEVELOPMENT_TEAM = 5ZLVWU5ZH5;
				INFOPLIST_FILE = Smack/Info.plist;
				IPHONEOS_DEPLOYMENT_TARGET = 11.0;
				LD_RUNPATH_SEARCH_PATHS = (
					"$(inherited)",
					"@executable_path/Frameworks",
				);
				PRODUCT_BUNDLE_IDENTIFIER = com.zeyadtaher.Smack.Smack;
				PRODUCT_NAME = "$(TARGET_NAME)";
				SWIFT_OBJC_BRIDGING_HEADER = "Smack/Supporting Files/Smack-Bridging-Header.h";
				SWIFT_VERSION = 4.2;
				TARGETED_DEVICE_FAMILY = "1,2";
			};
			name = Release;
		};
/* End XCBuildConfiguration section */

/* Begin XCConfigurationList section */
		F11443B221FE043E00238600 /* Build configuration list for PBXProject "Smack" */ = {
			isa = XCConfigurationList;
			buildConfigurations = (
				F11443C721FE044300238600 /* Debug */,
				F11443C821FE044300238600 /* Release */,
			);
			defaultConfigurationIsVisible = 0;
			defaultConfigurationName = Release;
		};
		F11443C921FE044300238600 /* Build configuration list for PBXNativeTarget "Smack" */ = {
			isa = XCConfigurationList;
			buildConfigurations = (
				F11443CA21FE044300238600 /* Debug */,
				F11443CB21FE044300238600 /* Release */,
			);
			defaultConfigurationIsVisible = 0;
			defaultConfigurationName = Release;
		};
/* End XCConfigurationList section */
	};
	rootObject = F11443AF21FE043E00238600 /* Project object */;
}
